// !$*UTF8*$!
{
	archiveVersion = 1;
	classes = {
	};
	objectVersion = 50;
	objects = {

/* Begin PBXBuildFile section */
		082CF01C239ABC8500DFA3A8 /* LaunchScreen.storyboard in Resources */ = {isa = PBXBuildFile; fileRef = 082CF01B239ABC8500DFA3A8 /* LaunchScreen.storyboard */; };
		08301D33239C5D9100C2D593 /* PointsView.swift in Sources */ = {isa = PBXBuildFile; fileRef = 08301D32239C5D9100C2D593 /* PointsView.swift */; };
		084DFC452398ECA2003938D3 /* QuizDetail.swift in Sources */ = {isa = PBXBuildFile; fileRef = 084DFC442398ECA2003938D3 /* QuizDetail.swift */; };
		0864975623966FFB007B2455 /* CustomCell.swift in Sources */ = {isa = PBXBuildFile; fileRef = 0864975523966FFB007B2455 /* CustomCell.swift */; };
		0877E115238FF3A5000BC18F /* AppDelegate.swift in Sources */ = {isa = PBXBuildFile; fileRef = 0877E114238FF3A5000BC18F /* AppDelegate.swift */; };
		0877E117238FF3A5000BC18F /* SceneDelegate.swift in Sources */ = {isa = PBXBuildFile; fileRef = 0877E116238FF3A5000BC18F /* SceneDelegate.swift */; };
		0877E119238FF3A5000BC18F /* ContentView.swift in Sources */ = {isa = PBXBuildFile; fileRef = 0877E118238FF3A5000BC18F /* ContentView.swift */; };
		0877E11B238FF3A8000BC18F /* Assets.xcassets in Resources */ = {isa = PBXBuildFile; fileRef = 0877E11A238FF3A8000BC18F /* Assets.xcassets */; };
		0877E11E238FF3A8000BC18F /* Preview Assets.xcassets in Resources */ = {isa = PBXBuildFile; fileRef = 0877E11D238FF3A8000BC18F /* Preview Assets.xcassets */; };
		0877E12B238FF57E000BC18F /* Quiz10Model.swift in Sources */ = {isa = PBXBuildFile; fileRef = 0877E12A238FF57E000BC18F /* Quiz10Model.swift */; };
		0877E12D238FF584000BC18F /* ImageStore.swift in Sources */ = {isa = PBXBuildFile; fileRef = 0877E12C238FF584000BC18F /* ImageStore.swift */; };
/* End PBXBuildFile section */

/* Begin PBXFileReference section */
		082CF01B239ABC8500DFA3A8 /* LaunchScreen.storyboard */ = {isa = PBXFileReference; fileEncoding = 4; lastKnownFileType = file.storyboard; path = LaunchScreen.storyboard; sourceTree = "<group>"; };
		08301D32239C5D9100C2D593 /* PointsView.swift */ = {isa = PBXFileReference; lastKnownFileType = sourcecode.swift; path = PointsView.swift; sourceTree = "<group>"; };
		084DFC442398ECA2003938D3 /* QuizDetail.swift */ = {isa = PBXFileReference; lastKnownFileType = sourcecode.swift; path = QuizDetail.swift; sourceTree = "<group>"; };
		0864975523966FFB007B2455 /* CustomCell.swift */ = {isa = PBXFileReference; lastKnownFileType = sourcecode.swift; path = CustomCell.swift; sourceTree = "<group>"; };
		0877E111238FF3A5000BC18F /* Quiz con SwiftUI.app */ = {isa = PBXFileReference; explicitFileType = wrapper.application; includeInIndex = 0; path = "Quiz con SwiftUI.app"; sourceTree = BUILT_PRODUCTS_DIR; };
		0877E114238FF3A5000BC18F /* AppDelegate.swift */ = {isa = PBXFileReference; lastKnownFileType = sourcecode.swift; path = AppDelegate.swift; sourceTree = "<group>"; };
		0877E116238FF3A5000BC18F /* SceneDelegate.swift */ = {isa = PBXFileReference; lastKnownFileType = sourcecode.swift; path = SceneDelegate.swift; sourceTree = "<group>"; };
		0877E118238FF3A5000BC18F /* ContentView.swift */ = {isa = PBXFileReference; lastKnownFileType = sourcecode.swift; path = ContentView.swift; sourceTree = "<group>"; };
		0877E11A238FF3A8000BC18F /* Assets.xcassets */ = {isa = PBXFileReference; lastKnownFileType = folder.assetcatalog; path = Assets.xcassets; sourceTree = "<group>"; };
		0877E11D238FF3A8000BC18F /* Preview Assets.xcassets */ = {isa = PBXFileReference; lastKnownFileType = folder.assetcatalog; path = "Preview Assets.xcassets"; sourceTree = "<group>"; };
		0877E122238FF3A8000BC18F /* Info.plist */ = {isa = PBXFileReference; lastKnownFileType = text.plist.xml; path = Info.plist; sourceTree = "<group>"; };
		0877E12A238FF57E000BC18F /* Quiz10Model.swift */ = {isa = PBXFileReference; fileEncoding = 4; lastKnownFileType = sourcecode.swift; path = Quiz10Model.swift; sourceTree = "<group>"; };
		0877E12C238FF584000BC18F /* ImageStore.swift */ = {isa = PBXFileReference; fileEncoding = 4; lastKnownFileType = sourcecode.swift; path = ImageStore.swift; sourceTree = "<group>"; };
/* End PBXFileReference section */

/* Begin PBXFrameworksBuildPhase section */
		0877E10E238FF3A5000BC18F /* Frameworks */ = {
			isa = PBXFrameworksBuildPhase;
			buildActionMask = 2147483647;
			files = (
			);
			runOnlyForDeploymentPostprocessing = 0;
		};
/* End PBXFrameworksBuildPhase section */

/* Begin PBXGroup section */
		0877E108238FF3A5000BC18F = {
			isa = PBXGroup;
			children = (
				0877E113238FF3A5000BC18F /* Quiz con SwiftUI */,
				0877E112238FF3A5000BC18F /* Products */,
			);
			sourceTree = "<group>";
		};
		0877E112238FF3A5000BC18F /* Products */ = {
			isa = PBXGroup;
			children = (
				0877E111238FF3A5000BC18F /* Quiz con SwiftUI.app */,
			);
			name = Products;
			sourceTree = "<group>";
		};
		0877E113238FF3A5000BC18F /* Quiz con SwiftUI */ = {
			isa = PBXGroup;
			children = (
				0877E114238FF3A5000BC18F /* AppDelegate.swift */,
				0877E12C238FF584000BC18F /* ImageStore.swift */,
				0877E12A238FF57E000BC18F /* Quiz10Model.swift */,
				0877E116238FF3A5000BC18F /* SceneDelegate.swift */,
				0877E118238FF3A5000BC18F /* ContentView.swift */,
				0877E11A238FF3A8000BC18F /* Assets.xcassets */,
				082CF01B239ABC8500DFA3A8 /* LaunchScreen.storyboard */,
				0877E122238FF3A8000BC18F /* Info.plist */,
				0877E11C238FF3A8000BC18F /* Preview Content */,
				0864975523966FFB007B2455 /* CustomCell.swift */,
				084DFC442398ECA2003938D3 /* QuizDetail.swift */,
				08301D32239C5D9100C2D593 /* PointsView.swift */,
			);
			path = "Quiz con SwiftUI";
			sourceTree = "<group>";
		};
		0877E11C238FF3A8000BC18F /* Preview Content */ = {
			isa = PBXGroup;
			children = (
				0877E11D238FF3A8000BC18F /* Preview Assets.xcassets */,
			);
			path = "Preview Content";
			sourceTree = "<group>";
		};
/* End PBXGroup section */

/* Begin PBXNativeTarget section */
		0877E110238FF3A5000BC18F /* Quiz con SwiftUI */ = {
			isa = PBXNativeTarget;
			buildConfigurationList = 0877E125238FF3A8000BC18F /* Build configuration list for PBXNativeTarget "Quiz con SwiftUI" */;
			buildPhases = (
				0877E10D238FF3A5000BC18F /* Sources */,
				0877E10E238FF3A5000BC18F /* Frameworks */,
				0877E10F238FF3A5000BC18F /* Resources */,
			);
			buildRules = (
			);
			dependencies = (
			);
			name = "Quiz con SwiftUI";
			productName = "Quiz con SwiftUI";
			productReference = 0877E111238FF3A5000BC18F /* Quiz con SwiftUI.app */;
			productType = "com.apple.product-type.application";
		};
/* End PBXNativeTarget section */

/* Begin PBXProject section */
		0877E109238FF3A5000BC18F /* Project object */ = {
			isa = PBXProject;
			attributes = {
				LastSwiftUpdateCheck = 1110;
				LastUpgradeCheck = 1110;
				ORGANIZATIONNAME = "Pablo Martín Redondo";
				TargetAttributes = {
					0877E110238FF3A5000BC18F = {
						CreatedOnToolsVersion = 11.1;
					};
				};
			};
			buildConfigurationList = 0877E10C238FF3A5000BC18F /* Build configuration list for PBXProject "Quiz con SwiftUI" */;
			compatibilityVersion = "Xcode 9.3";
			developmentRegion = en;
			hasScannedForEncodings = 0;
			knownRegions = (
				en,
				Base,
			);
			mainGroup = 0877E108238FF3A5000BC18F;
			productRefGroup = 0877E112238FF3A5000BC18F /* Products */;
			projectDirPath = "";
			projectRoot = "";
			targets = (
				0877E110238FF3A5000BC18F /* Quiz con SwiftUI */,
			);
		};
/* End PBXProject section */

/* Begin PBXResourcesBuildPhase section */
		0877E10F238FF3A5000BC18F /* Resources */ = {
			isa = PBXResourcesBuildPhase;
			buildActionMask = 2147483647;
			files = (
				082CF01C239ABC8500DFA3A8 /* LaunchScreen.storyboard in Resources */,
				0877E11E238FF3A8000BC18F /* Preview Assets.xcassets in Resources */,
				0877E11B238FF3A8000BC18F /* Assets.xcassets in Resources */,
			);
			runOnlyForDeploymentPostprocessing = 0;
		};
/* End PBXResourcesBuildPhase section */

/* Begin PBXSourcesBuildPhase section */
		0877E10D238FF3A5000BC18F /* Sources */ = {
			isa = PBXSourcesBuildPhase;
			buildActionMask = 2147483647;
			files = (
				084DFC452398ECA2003938D3 /* QuizDetail.swift in Sources */,
				0877E115238FF3A5000BC18F /* AppDelegate.swift in Sources */,
				08301D33239C5D9100C2D593 /* PointsView.swift in Sources */,
				0877E117238FF3A5000BC18F /* SceneDelegate.swift in Sources */,
				0877E119238FF3A5000BC18F /* ContentView.swift in Sources */,
				0877E12D238FF584000BC18F /* ImageStore.swift in Sources */,
				0864975623966FFB007B2455 /* CustomCell.swift in Sources */,
				0877E12B238FF57E000BC18F /* Quiz10Model.swift in Sources */,
			);
			runOnlyForDeploymentPostprocessing = 0;
		};
/* End PBXSourcesBuildPhase section */

/* Begin XCBuildConfiguration section */
		0877E123238FF3A8000BC18F /* Debug */ = {
			isa = XCBuildConfiguration;
			buildSettings = {
				ALWAYS_SEARCH_USER_PATHS = NO;
				CLANG_ANALYZER_NONNULL = YES;
				CLANG_ANALYZER_NUMBER_OBJECT_CONVERSION = YES_AGGRESSIVE;
				CLANG_CXX_LANGUAGE_STANDARD = "gnu++14";
				CLANG_CXX_LIBRARY = "libc++";
				CLANG_ENABLE_MODULES = YES;
				CLANG_ENABLE_OBJC_ARC = YES;
				CLANG_ENABLE_OBJC_WEAK = YES;
				CLANG_WARN_BLOCK_CAPTURE_AUTORELEASING = YES;
				CLANG_WARN_BOOL_CONVERSION = YES;
				CLANG_WARN_COMMA = YES;
				CLANG_WARN_CONSTANT_CONVERSION = YES;
				CLANG_WARN_DEPRECATED_OBJC_IMPLEMENTATIONS = YES;
				CLANG_WARN_DIRECT_OBJC_ISA_USAGE = YES_ERROR;
				CLANG_WARN_DOCUMENTATION_COMMENTS = YES;
				CLANG_WARN_EMPTY_BODY = YES;
				CLANG_WARN_ENUM_CONVERSION = YES;
				CLANG_WARN_INFINITE_RECURSION = YES;
				CLANG_WARN_INT_CONVERSION = YES;
				CLANG_WARN_NON_LITERAL_NULL_CONVERSION = YES;
				CLANG_WARN_OBJC_IMPLICIT_RETAIN_SELF = YES;
				CLANG_WARN_OBJC_LITERAL_CONVERSION = YES;
				CLANG_WARN_OBJC_ROOT_CLASS = YES_ERROR;
				CLANG_WARN_RANGE_LOOP_ANALYSIS = YES;
				CLANG_WARN_STRICT_PROTOTYPES = YES;
				CLANG_WARN_SUSPICIOUS_MOVE = YES;
				CLANG_WARN_UNGUARDED_AVAILABILITY = YES_AGGRESSIVE;
				CLANG_WARN_UNREACHABLE_CODE = YES;
				CLANG_WARN__DUPLICATE_METHOD_MATCH = YES;
				COPY_PHASE_STRIP = NO;
				DEBUG_INFORMATION_FORMAT = dwarf;
				ENABLE_STRICT_OBJC_MSGSEND = YES;
				ENABLE_TESTABILITY = YES;
				GCC_C_LANGUAGE_STANDARD = gnu11;
				GCC_DYNAMIC_NO_PIC = NO;
				GCC_NO_COMMON_BLOCKS = YES;
				GCC_OPTIMIZATION_LEVEL = 0;
				GCC_PREPROCESSOR_DEFINITIONS = (
					"DEBUG=1",
					"$(inherited)",
				);
				GCC_WARN_64_TO_32_BIT_CONVERSION = YES;
				GCC_WARN_ABOUT_RETURN_TYPE = YES_ERROR;
				GCC_WARN_UNDECLARED_SELECTOR = YES;
				GCC_WARN_UNINITIALIZED_AUTOS = YES_AGGRESSIVE;
				GCC_WARN_UNUSED_FUNCTION = YES;
				GCC_WARN_UNUSED_VARIABLE = YES;
				IPHONEOS_DEPLOYMENT_TARGET = 13.1;
				MTL_ENABLE_DEBUG_INFO = INCLUDE_SOURCE;
				MTL_FAST_MATH = YES;
				ONLY_ACTIVE_ARCH = YES;
				SDKROOT = iphoneos;
				SWIFT_ACTIVE_COMPILATION_CONDITIONS = DEBUG;
				SWIFT_OPTIMIZATION_LEVEL = "-Onone";
			};
			name = Debug;
		};
		0877E124238FF3A8000BC18F /* Release */ = {
			isa = XCBuildConfiguration;
			buildSettings = {
				ALWAYS_SEARCH_USER_PATHS = NO;
				CLANG_ANALYZER_NONNULL = YES;
				CLANG_ANALYZER_NUMBER_OBJECT_CONVERSION = YES_AGGRESSIVE;
				CLANG_CXX_LANGUAGE_STANDARD = "gnu++14";
				CLANG_CXX_LIBRARY = "libc++";
				CLANG_ENABLE_MODULES = YES;
				CLANG_ENABLE_OBJC_ARC = YES;
				CLANG_ENABLE_OBJC_WEAK = YES;
				CLANG_WARN_BLOCK_CAPTURE_AUTORELEASING = YES;
				CLANG_WARN_BOOL_CONVERSION = YES;
				CLANG_WARN_COMMA = YES;
				CLANG_WARN_CONSTANT_CONVERSION = YES;
				CLANG_WARN_DEPRECATED_OBJC_IMPLEMENTATIONS = YES;
				CLANG_WARN_DIRECT_OBJC_ISA_USAGE = YES_ERROR;
				CLANG_WARN_DOCUMENTATION_COMMENTS = YES;
				CLANG_WARN_EMPTY_BODY = YES;
				CLANG_WARN_ENUM_CONVERSION = YES;
				CLANG_WARN_INFINITE_RECURSION = YES;
				CLANG_WARN_INT_CONVERSION = YES;
				CLANG_WARN_NON_LITERAL_NULL_CONVERSION = YES;
				CLANG_WARN_OBJC_IMPLICIT_RETAIN_SELF = YES;
				CLANG_WARN_OBJC_LITERAL_CONVERSION = YES;
				CLANG_WARN_OBJC_ROOT_CLASS = YES_ERROR;
				CLANG_WARN_RANGE_LOOP_ANALYSIS = YES;
				CLANG_WARN_STRICT_PROTOTYPES = YES;
				CLANG_WARN_SUSPICIOUS_MOVE = YES;
				CLANG_WARN_UNGUARDED_AVAILABILITY = YES_AGGRESSIVE;
				CLANG_WARN_UNREACHABLE_CODE = YES;
				CLANG_WARN__DUPLICATE_METHOD_MATCH = YES;
				COPY_PHASE_STRIP = NO;
				DEBUG_INFORMATION_FORMAT = "dwarf-with-dsym";
				ENABLE_NS_ASSERTIONS = NO;
				ENABLE_STRICT_OBJC_MSGSEND = YES;
				GCC_C_LANGUAGE_STANDARD = gnu11;
				GCC_NO_COMMON_BLOCKS = YES;
				GCC_WARN_64_TO_32_BIT_CONVERSION = YES;
				GCC_WARN_ABOUT_RETURN_TYPE = YES_ERROR;
				GCC_WARN_UNDECLARED_SELECTOR = YES;
				GCC_WARN_UNINITIALIZED_AUTOS = YES_AGGRESSIVE;
				GCC_WARN_UNUSED_FUNCTION = YES;
				GCC_WARN_UNUSED_VARIABLE = YES;
				IPHONEOS_DEPLOYMENT_TARGET = 13.1;
				MTL_ENABLE_DEBUG_INFO = NO;
				MTL_FAST_MATH = YES;
				SDKROOT = iphoneos;
				SWIFT_COMPILATION_MODE = wholemodule;
				SWIFT_OPTIMIZATION_LEVEL = "-O";
				VALIDATE_PRODUCT = YES;
			};
			name = Release;
		};
		0877E126238FF3A8000BC18F /* Debug */ = {
			isa = XCBuildConfiguration;
			buildSettings = {
				ASSETCATALOG_COMPILER_APPICON_NAME = AppIcon;
				CODE_SIGN_STYLE = Automatic;
				DEVELOPMENT_ASSET_PATHS = "\"Quiz con SwiftUI/Preview Content\"";
				DEVELOPMENT_TEAM = TDLH84XQA7;
				ENABLE_PREVIEWS = YES;
				INFOPLIST_FILE = "Quiz con SwiftUI/Info.plist";
				LD_RUNPATH_SEARCH_PATHS = (
					"$(inherited)",
					"@executable_path/Frameworks",
				);
				PRODUCT_BUNDLE_IDENTIFIER = "es.pablo.practice.Quiz-con-SwiftUI";
				PRODUCT_NAME = "$(TARGET_NAME)";
				SWIFT_VERSION = 5.0;
				TARGETED_DEVICE_FAMILY = "1,2";
			};
			name = Debug;
		};
		0877E127238FF3A8000BC18F /* Release */ = {
			isa = XCBuildConfiguration;
			buildSettings = {
				ASSETCATALOG_COMPILER_APPICON_NAME = AppIcon;
				CODE_SIGN_STYLE = Automatic;
				DEVELOPMENT_ASSET_PATHS = "\"Quiz con SwiftUI/Preview Content\"";
				DEVELOPMENT_TEAM = TDLH84XQA7;
				ENABLE_PREVIEWS = YES;
				INFOPLIST_FILE = "Quiz con SwiftUI/Info.plist";
				LD_RUNPATH_SEARCH_PATHS = (
					"$(inherited)",
					"@executable_path/Frameworks",
				);
				PRODUCT_BUNDLE_IDENTIFIER = "es.pablo.practice.Quiz-con-SwiftUI";
				PRODUCT_NAME = "$(TARGET_NAME)";
				SWIFT_VERSION = 5.0;
				TARGETED_DEVICE_FAMILY = "1,2";
			};
			name = Release;
		};
/* End XCBuildConfiguration section */

/* Begin XCConfigurationList section */
		0877E10C238FF3A5000BC18F /* Build configuration list for PBXProject "Quiz con SwiftUI" */ = {
			isa = XCConfigurationList;
			buildConfigurations = (
				0877E123238FF3A8000BC18F /* Debug */,
				0877E124238FF3A8000BC18F /* Release */,
			);
			defaultConfigurationIsVisible = 0;
			defaultConfigurationName = Release;
		};
		0877E125238FF3A8000BC18F /* Build configuration list for PBXNativeTarget "Quiz con SwiftUI" */ = {
			isa = XCConfigurationList;
			buildConfigurations = (
				0877E126238FF3A8000BC18F /* Debug */,
				0877E127238FF3A8000BC18F /* Release */,
			);
			defaultConfigurationIsVisible = 0;
			defaultConfigurationName = Release;
		};
/* End XCConfigurationList section */
	};
	rootObject = 0877E109238FF3A5000BC18F /* Project object */;
}
